github.com/larrylvzg/hugo-theme-zzo v0.0.0-20201022061820-20dd96baf974 h1:lTgN/b0CiTRjcvm+3dZ5XMqtBTasWLeda5lHwZ3aeFo=
github.com/larrylvzg/hugo-theme-zzo v0.0.0-20201022061820-20dd96baf974/go.mod h1:fYrchDXa30fipry5Nt86mZV/BFaKqsatI0u7Mz7QGR0=
github.com/larrylvzg/hugo-theme-zzo v0.0.0-20201024125730-83b7d27a6e45 h1:CgOjkz2u5E5SubapML+5cjL1oW7ov8nN6Df29bNAqcI=
github.com/larrylvzg/hugo-theme-zzo v0.0.0-20201024125730-83b7d27a6e45/go.mod h1:fYrchDXa30fipry5Nt86mZV/BFaKqsatI0u7Mz7QGR0=
github.com/larrylvzg/hugo-theme-zzo v0.0.0-20201026033735-ec466ee3cbea h1:2PjNQ2AjOATv1Ob3xRnxgJLTOr4KHFrvh/NnEFfUeDE=
github.com/larrylvzg/hugo-theme-zzo v0.0.0-20201026033735-ec466ee3cbea/go.mod h1:fYrchDXa30fipry5Nt86mZV/BFaKqsatI0u7Mz7QGR0=
github.com/larrylvzg/hugo-theme-zzo v0.0.0-20201026040825-a21f5188601b h1:l4pOJITCYu+P7zQOccoIVWHrD835bPNCBxhCLJbiYcg=
github.com/larrylvzg/hugo-theme-zzo v0.0.0-20201026040825-a21f5188601b/go.mod h1:fYrchDXa30fipry5Nt86mZV/BFaKqsatI0u7Mz7QGR0=
github.com/larrylvzg/hugo-theme-zzo v0.0.0-20201026120204-4316699752e8 h1:6d8L0hoN/m36ps622zNNaACYjNOqbmB7t2/meZEhQV0=
github.com/larrylvzg/hugo-theme-zzo v0.0.0-20201026120204-4316699752e8/go.mod h1:fYrchDXa30fipry5Nt86mZV/BFaKqsatI0u7Mz7QGR0=
github.com/larrylvzg/hugo-theme-zzo v0.0.0-20201027015144-05cb7f24d6b5 h1:YqrQmSmOxIfpjKTIWVTl9ELk8STXLa1RUQl4rfSUi7Q=
github.com/larrylvzg/hugo-theme-zzo v0.0.0-20201027015144-05cb7f24d6b5/go.mod h1:fYrchDXa30fipry5Nt86mZV/BFaKqsatI0u7Mz7QGR0=
