github.com/larrylvzg/hugo-theme-zzo v0.0.0-20201021051904-4b283cfee2ae h1:bbb+mjN/8Y4UgTQmHIk2l/cw9vToowod0srq54CsEo4=
github.com/larrylvzg/hugo-theme-zzo v0.0.0-20201021051904-4b283cfee2ae/go.mod h1:fYrchDXa30fipry5Nt86mZV/BFaKqsatI0u7Mz7QGR0=
github.com/larrylvzg/hugo-theme-zzo v0.0.0-20201021132156-5510d4371624 h1:IOlj/TdUfTJ4HbGofXUEfebiT8aFxs/AcVem3TMUkgQ=
github.com/larrylvzg/hugo-theme-zzo v0.0.0-20201021132156-5510d4371624/go.mod h1:fYrchDXa30fipry5Nt86mZV/BFaKqsatI0u7Mz7QGR0=
