github.com/larrylvzg/hugo-theme-zzo v0.0.0-20201022061820-20dd96baf974 h1:lTgN/b0CiTRjcvm+3dZ5XMqtBTasWLeda5lHwZ3aeFo=
github.com/larrylvzg/hugo-theme-zzo v0.0.0-20201022061820-20dd96baf974/go.mod h1:fYrchDXa30fipry5Nt86mZV/BFaKqsatI0u7Mz7QGR0=
github.com/larrylvzg/hugo-theme-zzo v0.0.0-20201024125730-83b7d27a6e45 h1:CgOjkz2u5E5SubapML+5cjL1oW7ov8nN6Df29bNAqcI=
github.com/larrylvzg/hugo-theme-zzo v0.0.0-20201024125730-83b7d27a6e45/go.mod h1:fYrchDXa30fipry5Nt86mZV/BFaKqsatI0u7Mz7QGR0=
